
Microsoft Visual Studio Solution File, Format Version 12.00
# Visual Studio Version 16
VisualStudioVersion = 16.0.36128.20
MinimumVisualStudioVersion = 10.0.40219.1
Project("{FAE04EC0-301F-11D3-BF4B-00C04F79EFBC}") = "Assignment_5", "Assignment_5\Assignment_5.csproj", "{8C492D32-5FD2-4F40-B65C-A62E291EB181}"
EndProject
Global
	GlobalSection(SolutionConfigurationPlatforms) = preSolution
		Debug|Any CPU = Debug|Any CPU
		Release|Any CPU = Release|Any CPU
	EndGlobalSection
	GlobalSection(ProjectConfigurationPlatforms) = postSolution
		{8C492D32-5FD2-4F40-B65C-A62E291EB181}.Debug|Any CPU.ActiveCfg = Debug|Any CPU
		{8C492D32-5FD2-4F40-B65C-A62E291EB181}.Debug|Any CPU.Build.0 = Debug|Any CPU
		{8C492D32-5FD2-4F40-B65C-A62E291EB181}.Release|Any CPU.ActiveCfg = Release|Any CPU
		{8C492D32-5FD2-4F40-B65C-A62E291EB181}.Release|Any CPU.Build.0 = Release|Any CPU
	EndGlobalSection
	GlobalSection(SolutionProperties) = preSolution
		HideSolutionNode = FALSE
	EndGlobalSection
	GlobalSection(ExtensibilityGlobals) = postSolution
		SolutionGuid = {35BFE728-680F-429D-9407-81D14B0F5002}
	EndGlobalSection
EndGlobal
