
Microsoft Visual Studio Solution File, Format Version 12.00
# Visual Studio Version 16
VisualStudioVersion = 16.0.36128.20
MinimumVisualStudioVersion = 10.0.40219.1
Project("{FAE04EC0-301F-11D3-BF4B-00C04F79EFBC}") = "ADO_CC1", "ADO_CC1\ADO_CC1.csproj", "{3830C3D6-5E19-42ED-B557-73BF1FC9F97C}"
EndProject
Global
	GlobalSection(SolutionConfigurationPlatforms) = preSolution
		Debug|Any CPU = Debug|Any CPU
		Release|Any CPU = Release|Any CPU
	EndGlobalSection
	GlobalSection(ProjectConfigurationPlatforms) = postSolution
		{3830C3D6-5E19-42ED-B557-73BF1FC9F97C}.Debug|Any CPU.ActiveCfg = Debug|Any CPU
		{3830C3D6-5E19-42ED-B557-73BF1FC9F97C}.Debug|Any CPU.Build.0 = Debug|Any CPU
		{3830C3D6-5E19-42ED-B557-73BF1FC9F97C}.Release|Any CPU.ActiveCfg = Release|Any CPU
		{3830C3D6-5E19-42ED-B557-73BF1FC9F97C}.Release|Any CPU.Build.0 = Release|Any CPU
	EndGlobalSection
	GlobalSection(SolutionProperties) = preSolution
		HideSolutionNode = FALSE
	EndGlobalSection
	GlobalSection(ExtensibilityGlobals) = postSolution
		SolutionGuid = {8EC7EA6C-9594-480B-AE03-3192E31A14D9}
	EndGlobalSection
EndGlobal
