
Microsoft Visual Studio Solution File, Format Version 12.00
# Visual Studio Version 16
VisualStudioVersion = 16.0.36128.20
MinimumVisualStudioVersion = 10.0.40219.1
Project("{FAE04EC0-301F-11D3-BF4B-00C04F79EFBC}") = "TravelBooking", "TravelBooking\TravelBooking.csproj", "{1582D652-D5B5-4909-88E8-A44D4AE72C78}"
EndProject
Global
	GlobalSection(SolutionConfigurationPlatforms) = preSolution
		Debug|Any CPU = Debug|Any CPU
		Release|Any CPU = Release|Any CPU
	EndGlobalSection
	GlobalSection(ProjectConfigurationPlatforms) = postSolution
		{1582D652-D5B5-4909-88E8-A44D4AE72C78}.Debug|Any CPU.ActiveCfg = Debug|Any CPU
		{1582D652-D5B5-4909-88E8-A44D4AE72C78}.Debug|Any CPU.Build.0 = Debug|Any CPU
		{1582D652-D5B5-4909-88E8-A44D4AE72C78}.Release|Any CPU.ActiveCfg = Release|Any CPU
		{1582D652-D5B5-4909-88E8-A44D4AE72C78}.Release|Any CPU.Build.0 = Release|Any CPU
	EndGlobalSection
	GlobalSection(SolutionProperties) = preSolution
		HideSolutionNode = FALSE
	EndGlobalSection
	GlobalSection(ExtensibilityGlobals) = postSolution
		SolutionGuid = {A61FAE09-2525-48B7-B324-32FA4671E3D9}
	EndGlobalSection
EndGlobal
