
Microsoft Visual Studio Solution File, Format Version 12.00
# Visual Studio Version 16
VisualStudioVersion = 16.0.36128.20
MinimumVisualStudioVersion = 10.0.40219.1
Project("{FAE04EC0-301F-11D3-BF4B-00C04F79EFBC}") = "Web_CC1", "Web_CC1\Web_CC1.csproj", "{F705018E-CEB0-48FE-929F-B5699622A262}"
EndProject
Global
	GlobalSection(SolutionConfigurationPlatforms) = preSolution
		Debug|Any CPU = Debug|Any CPU
		Release|Any CPU = Release|Any CPU
	EndGlobalSection
	GlobalSection(ProjectConfigurationPlatforms) = postSolution
		{F705018E-CEB0-48FE-929F-B5699622A262}.Debug|Any CPU.ActiveCfg = Debug|Any CPU
		{F705018E-CEB0-48FE-929F-B5699622A262}.Debug|Any CPU.Build.0 = Debug|Any CPU
		{F705018E-CEB0-48FE-929F-B5699622A262}.Release|Any CPU.ActiveCfg = Release|Any CPU
		{F705018E-CEB0-48FE-929F-B5699622A262}.Release|Any CPU.Build.0 = Release|Any CPU
	EndGlobalSection
	GlobalSection(SolutionProperties) = preSolution
		HideSolutionNode = FALSE
	EndGlobalSection
	GlobalSection(ExtensibilityGlobals) = postSolution
		SolutionGuid = {714AF125-BB0E-4C17-8CA7-22B8DB95BB6F}
	EndGlobalSection
EndGlobal
