
Microsoft Visual Studio Solution File, Format Version 12.00
# Visual Studio Version 16
VisualStudioVersion = 16.0.36128.20
MinimumVisualStudioVersion = 10.0.40219.1
Project("{FAE04EC0-301F-11D3-BF4B-00C04F79EFBC}") = "dbfirst_cc", "dbfirst_cc\dbfirst_cc.csproj", "{AF05802A-7C61-48F8-B6CF-B8AA181AC3E7}"
EndProject
Global
	GlobalSection(SolutionConfigurationPlatforms) = preSolution
		Debug|Any CPU = Debug|Any CPU
		Release|Any CPU = Release|Any CPU
	EndGlobalSection
	GlobalSection(ProjectConfigurationPlatforms) = postSolution
		{AF05802A-7C61-48F8-B6CF-B8AA181AC3E7}.Debug|Any CPU.ActiveCfg = Debug|Any CPU
		{AF05802A-7C61-48F8-B6CF-B8AA181AC3E7}.Debug|Any CPU.Build.0 = Debug|Any CPU
		{AF05802A-7C61-48F8-B6CF-B8AA181AC3E7}.Release|Any CPU.ActiveCfg = Release|Any CPU
		{AF05802A-7C61-48F8-B6CF-B8AA181AC3E7}.Release|Any CPU.Build.0 = Release|Any CPU
	EndGlobalSection
	GlobalSection(SolutionProperties) = preSolution
		HideSolutionNode = FALSE
	EndGlobalSection
	GlobalSection(ExtensibilityGlobals) = postSolution
		SolutionGuid = {2030BEA0-CCFD-4CB9-A267-EAA703C3829B}
	EndGlobalSection
EndGlobal
