
Microsoft Visual Studio Solution File, Format Version 12.00
# Visual Studio Version 16
VisualStudioVersion = 16.0.36128.20
MinimumVisualStudioVersion = 10.0.40219.1
Project("{FAE04EC0-301F-11D3-BF4B-00C04F79EFBC}") = "TravelConcessionLib", "TravelConcessionLib\TravelConcessionLib.csproj", "{DE5C1280-BAB2-4D2B-98B9-753F8A0465F0}"
EndProject
Global
	GlobalSection(SolutionConfigurationPlatforms) = preSolution
		Debug|Any CPU = Debug|Any CPU
		Release|Any CPU = Release|Any CPU
	EndGlobalSection
	GlobalSection(ProjectConfigurationPlatforms) = postSolution
		{DE5C1280-BAB2-4D2B-98B9-753F8A0465F0}.Debug|Any CPU.ActiveCfg = Debug|Any CPU
		{DE5C1280-BAB2-4D2B-98B9-753F8A0465F0}.Debug|Any CPU.Build.0 = Debug|Any CPU
		{DE5C1280-BAB2-4D2B-98B9-753F8A0465F0}.Release|Any CPU.ActiveCfg = Release|Any CPU
		{DE5C1280-BAB2-4D2B-98B9-753F8A0465F0}.Release|Any CPU.Build.0 = Release|Any CPU
	EndGlobalSection
	GlobalSection(SolutionProperties) = preSolution
		HideSolutionNode = FALSE
	EndGlobalSection
	GlobalSection(ExtensibilityGlobals) = postSolution
		SolutionGuid = {B524BF5F-48AD-4DBC-95D0-F855C48196F8}
	EndGlobalSection
EndGlobal
